
Microsoft Visual Studio Solution File, Format Version 12.00
# Visual Studio 14
VisualStudioVersion = 14.0.25420.1
MinimumVisualStudioVersion = 10.0.40219.1
Project("{FAE04EC0-301F-11D3-BF4B-00C04F79EFBC}") = "BackgroundDownloadSample", "BackgroundDownloadSample\BackgroundDownloadSample.csproj", "{115F8EF2-FBC2-41A4-93DB-E8EB5038BFEA}"
EndProject
Project("{FAE04EC0-301F-11D3-BF4B-00C04F79EFBC}") = "DownloadWithProgress", "DownloadWithProgress\DownloadWithProgress.csproj", "{066BE059-3CC1-41CC-81C5-CAC4742BBB96}"
EndProject
Project("{FAE04EC0-301F-11D3-BF4B-00C04F79EFBC}") = "AsyncCommandSample", "AsyncCommandSample\AsyncCommandSample.csproj", "{87176233-AE66-4825-BF77-F61D8B54985D}"
EndProject
Project("{FAE04EC0-301F-11D3-BF4B-00C04F79EFBC}") = "JsonConverterSample", "JsonConverterSample\JsonConverterSample.csproj", "{C19F477F-F9D3-449F-AA1B-FBC71E9666D0}"
EndProject
Project("{FAE04EC0-301F-11D3-BF4B-00C04F79EFBC}") = "SwipeControlSample", "SwipeControlSample\SwipeControlSample.csproj", "{84B7DC71-EA34-4C5E-B4D4-E3CB44F7A68F}"
EndProject
Global
	GlobalSection(SolutionConfigurationPlatforms) = preSolution
		Debug|ARM = Debug|ARM
		Debug|x64 = Debug|x64
		Debug|x86 = Debug|x86
		Release|ARM = Release|ARM
		Release|x64 = Release|x64
		Release|x86 = Release|x86
	EndGlobalSection
	GlobalSection(ProjectConfigurationPlatforms) = postSolution
		{115F8EF2-FBC2-41A4-93DB-E8EB5038BFEA}.Debug|ARM.ActiveCfg = Debug|ARM
		{115F8EF2-FBC2-41A4-93DB-E8EB5038BFEA}.Debug|ARM.Build.0 = Debug|ARM
		{115F8EF2-FBC2-41A4-93DB-E8EB5038BFEA}.Debug|ARM.Deploy.0 = Debug|ARM
		{115F8EF2-FBC2-41A4-93DB-E8EB5038BFEA}.Debug|x64.ActiveCfg = Debug|x64
		{115F8EF2-FBC2-41A4-93DB-E8EB5038BFEA}.Debug|x64.Build.0 = Debug|x64
		{115F8EF2-FBC2-41A4-93DB-E8EB5038BFEA}.Debug|x64.Deploy.0 = Debug|x64
		{115F8EF2-FBC2-41A4-93DB-E8EB5038BFEA}.Debug|x86.ActiveCfg = Debug|x86
		{115F8EF2-FBC2-41A4-93DB-E8EB5038BFEA}.Debug|x86.Build.0 = Debug|x86
		{115F8EF2-FBC2-41A4-93DB-E8EB5038BFEA}.Debug|x86.Deploy.0 = Debug|x86
		{115F8EF2-FBC2-41A4-93DB-E8EB5038BFEA}.Release|ARM.ActiveCfg = Release|ARM
		{115F8EF2-FBC2-41A4-93DB-E8EB5038BFEA}.Release|ARM.Build.0 = Release|ARM
		{115F8EF2-FBC2-41A4-93DB-E8EB5038BFEA}.Release|ARM.Deploy.0 = Release|ARM
		{115F8EF2-FBC2-41A4-93DB-E8EB5038BFEA}.Release|x64.ActiveCfg = Release|x64
		{115F8EF2-FBC2-41A4-93DB-E8EB5038BFEA}.Release|x64.Build.0 = Release|x64
		{115F8EF2-FBC2-41A4-93DB-E8EB5038BFEA}.Release|x64.Deploy.0 = Release|x64
		{115F8EF2-FBC2-41A4-93DB-E8EB5038BFEA}.Release|x86.ActiveCfg = Release|x86
		{115F8EF2-FBC2-41A4-93DB-E8EB5038BFEA}.Release|x86.Build.0 = Release|x86
		{115F8EF2-FBC2-41A4-93DB-E8EB5038BFEA}.Release|x86.Deploy.0 = Release|x86
		{066BE059-3CC1-41CC-81C5-CAC4742BBB96}.Debug|ARM.ActiveCfg = Debug|ARM
		{066BE059-3CC1-41CC-81C5-CAC4742BBB96}.Debug|ARM.Build.0 = Debug|ARM
		{066BE059-3CC1-41CC-81C5-CAC4742BBB96}.Debug|ARM.Deploy.0 = Debug|ARM
		{066BE059-3CC1-41CC-81C5-CAC4742BBB96}.Debug|x64.ActiveCfg = Debug|x64
		{066BE059-3CC1-41CC-81C5-CAC4742BBB96}.Debug|x64.Build.0 = Debug|x64
		{066BE059-3CC1-41CC-81C5-CAC4742BBB96}.Debug|x64.Deploy.0 = Debug|x64
		{066BE059-3CC1-41CC-81C5-CAC4742BBB96}.Debug|x86.ActiveCfg = Debug|x86
		{066BE059-3CC1-41CC-81C5-CAC4742BBB96}.Debug|x86.Build.0 = Debug|x86
		{066BE059-3CC1-41CC-81C5-CAC4742BBB96}.Debug|x86.Deploy.0 = Debug|x86
		{066BE059-3CC1-41CC-81C5-CAC4742BBB96}.Release|ARM.ActiveCfg = Release|ARM
		{066BE059-3CC1-41CC-81C5-CAC4742BBB96}.Release|ARM.Build.0 = Release|ARM
		{066BE059-3CC1-41CC-81C5-CAC4742BBB96}.Release|ARM.Deploy.0 = Release|ARM
		{066BE059-3CC1-41CC-81C5-CAC4742BBB96}.Release|x64.ActiveCfg = Release|x64
		{066BE059-3CC1-41CC-81C5-CAC4742BBB96}.Release|x64.Build.0 = Release|x64
		{066BE059-3CC1-41CC-81C5-CAC4742BBB96}.Release|x64.Deploy.0 = Release|x64
		{066BE059-3CC1-41CC-81C5-CAC4742BBB96}.Release|x86.ActiveCfg = Release|x86
		{066BE059-3CC1-41CC-81C5-CAC4742BBB96}.Release|x86.Build.0 = Release|x86
		{066BE059-3CC1-41CC-81C5-CAC4742BBB96}.Release|x86.Deploy.0 = Release|x86
		{87176233-AE66-4825-BF77-F61D8B54985D}.Debug|ARM.ActiveCfg = Debug|ARM
		{87176233-AE66-4825-BF77-F61D8B54985D}.Debug|ARM.Build.0 = Debug|ARM
		{87176233-AE66-4825-BF77-F61D8B54985D}.Debug|ARM.Deploy.0 = Debug|ARM
		{87176233-AE66-4825-BF77-F61D8B54985D}.Debug|x64.ActiveCfg = Debug|x64
		{87176233-AE66-4825-BF77-F61D8B54985D}.Debug|x64.Build.0 = Debug|x64
		{87176233-AE66-4825-BF77-F61D8B54985D}.Debug|x64.Deploy.0 = Debug|x64
		{87176233-AE66-4825-BF77-F61D8B54985D}.Debug|x86.ActiveCfg = Debug|x86
		{87176233-AE66-4825-BF77-F61D8B54985D}.Debug|x86.Build.0 = Debug|x86
		{87176233-AE66-4825-BF77-F61D8B54985D}.Debug|x86.Deploy.0 = Debug|x86
		{87176233-AE66-4825-BF77-F61D8B54985D}.Release|ARM.ActiveCfg = Release|ARM
		{87176233-AE66-4825-BF77-F61D8B54985D}.Release|ARM.Build.0 = Release|ARM
		{87176233-AE66-4825-BF77-F61D8B54985D}.Release|ARM.Deploy.0 = Release|ARM
		{87176233-AE66-4825-BF77-F61D8B54985D}.Release|x64.ActiveCfg = Release|x64
		{87176233-AE66-4825-BF77-F61D8B54985D}.Release|x64.Build.0 = Release|x64
		{87176233-AE66-4825-BF77-F61D8B54985D}.Release|x64.Deploy.0 = Release|x64
		{87176233-AE66-4825-BF77-F61D8B54985D}.Release|x86.ActiveCfg = Release|x86
		{87176233-AE66-4825-BF77-F61D8B54985D}.Release|x86.Build.0 = Release|x86
		{87176233-AE66-4825-BF77-F61D8B54985D}.Release|x86.Deploy.0 = Release|x86
		{C19F477F-F9D3-449F-AA1B-FBC71E9666D0}.Debug|ARM.ActiveCfg = Debug|ARM
		{C19F477F-F9D3-449F-AA1B-FBC71E9666D0}.Debug|ARM.Build.0 = Debug|ARM
		{C19F477F-F9D3-449F-AA1B-FBC71E9666D0}.Debug|ARM.Deploy.0 = Debug|ARM
		{C19F477F-F9D3-449F-AA1B-FBC71E9666D0}.Debug|x64.ActiveCfg = Debug|x64
		{C19F477F-F9D3-449F-AA1B-FBC71E9666D0}.Debug|x64.Build.0 = Debug|x64
		{C19F477F-F9D3-449F-AA1B-FBC71E9666D0}.Debug|x64.Deploy.0 = Debug|x64
		{C19F477F-F9D3-449F-AA1B-FBC71E9666D0}.Debug|x86.ActiveCfg = Debug|x86
		{C19F477F-F9D3-449F-AA1B-FBC71E9666D0}.Debug|x86.Build.0 = Debug|x86
		{C19F477F-F9D3-449F-AA1B-FBC71E9666D0}.Debug|x86.Deploy.0 = Debug|x86
		{C19F477F-F9D3-449F-AA1B-FBC71E9666D0}.Release|ARM.ActiveCfg = Release|ARM
		{C19F477F-F9D3-449F-AA1B-FBC71E9666D0}.Release|ARM.Build.0 = Release|ARM
		{C19F477F-F9D3-449F-AA1B-FBC71E9666D0}.Release|ARM.Deploy.0 = Release|ARM
		{C19F477F-F9D3-449F-AA1B-FBC71E9666D0}.Release|x64.ActiveCfg = Release|x64
		{C19F477F-F9D3-449F-AA1B-FBC71E9666D0}.Release|x64.Build.0 = Release|x64
		{C19F477F-F9D3-449F-AA1B-FBC71E9666D0}.Release|x64.Deploy.0 = Release|x64
		{C19F477F-F9D3-449F-AA1B-FBC71E9666D0}.Release|x86.ActiveCfg = Release|x86
		{C19F477F-F9D3-449F-AA1B-FBC71E9666D0}.Release|x86.Build.0 = Release|x86
		{C19F477F-F9D3-449F-AA1B-FBC71E9666D0}.Release|x86.Deploy.0 = Release|x86
		{84B7DC71-EA34-4C5E-B4D4-E3CB44F7A68F}.Debug|ARM.ActiveCfg = Debug|ARM
		{84B7DC71-EA34-4C5E-B4D4-E3CB44F7A68F}.Debug|ARM.Build.0 = Debug|ARM
		{84B7DC71-EA34-4C5E-B4D4-E3CB44F7A68F}.Debug|ARM.Deploy.0 = Debug|ARM
		{84B7DC71-EA34-4C5E-B4D4-E3CB44F7A68F}.Debug|x64.ActiveCfg = Debug|x64
		{84B7DC71-EA34-4C5E-B4D4-E3CB44F7A68F}.Debug|x64.Build.0 = Debug|x64
		{84B7DC71-EA34-4C5E-B4D4-E3CB44F7A68F}.Debug|x64.Deploy.0 = Debug|x64
		{84B7DC71-EA34-4C5E-B4D4-E3CB44F7A68F}.Debug|x86.ActiveCfg = Debug|x86
		{84B7DC71-EA34-4C5E-B4D4-E3CB44F7A68F}.Debug|x86.Build.0 = Debug|x86
		{84B7DC71-EA34-4C5E-B4D4-E3CB44F7A68F}.Debug|x86.Deploy.0 = Debug|x86
		{84B7DC71-EA34-4C5E-B4D4-E3CB44F7A68F}.Release|ARM.ActiveCfg = Release|ARM
		{84B7DC71-EA34-4C5E-B4D4-E3CB44F7A68F}.Release|ARM.Build.0 = Release|ARM
		{84B7DC71-EA34-4C5E-B4D4-E3CB44F7A68F}.Release|ARM.Deploy.0 = Release|ARM
		{84B7DC71-EA34-4C5E-B4D4-E3CB44F7A68F}.Release|x64.ActiveCfg = Release|x64
		{84B7DC71-EA34-4C5E-B4D4-E3CB44F7A68F}.Release|x64.Build.0 = Release|x64
		{84B7DC71-EA34-4C5E-B4D4-E3CB44F7A68F}.Release|x64.Deploy.0 = Release|x64
		{84B7DC71-EA34-4C5E-B4D4-E3CB44F7A68F}.Release|x86.ActiveCfg = Release|x86
		{84B7DC71-EA34-4C5E-B4D4-E3CB44F7A68F}.Release|x86.Build.0 = Release|x86
		{84B7DC71-EA34-4C5E-B4D4-E3CB44F7A68F}.Release|x86.Deploy.0 = Release|x86
	EndGlobalSection
	GlobalSection(SolutionProperties) = preSolution
		HideSolutionNode = FALSE
	EndGlobalSection
EndGlobal
